
Microsoft Visual Studio Solution File, Format Version 12.00
# Visual Studio Version 17
VisualStudioVersion = 17.10.35013.160
MinimumVisualStudioVersion = 10.0.40219.1
Project("{FAE04EC0-301F-11D3-BF4B-00C04F79EFBC}") = "homework11_12", "homework11_12.csproj", "{E65580C5-EC8C-40F4-BEDA-87B188322085}"
EndProject
Global
	GlobalSection(SolutionConfigurationPlatforms) = preSolution
		Debug|Any CPU = Debug|Any CPU
		Release|Any CPU = Release|Any CPU
	EndGlobalSection
	GlobalSection(ProjectConfigurationPlatforms) = postSolution
		{E65580C5-EC8C-40F4-BEDA-87B188322085}.Debug|Any CPU.ActiveCfg = Debug|Any CPU
		{E65580C5-EC8C-40F4-BEDA-87B188322085}.Debug|Any CPU.Build.0 = Debug|Any CPU
		{E65580C5-EC8C-40F4-BEDA-87B188322085}.Release|Any CPU.ActiveCfg = Release|Any CPU
		{E65580C5-EC8C-40F4-BEDA-87B188322085}.Release|Any CPU.Build.0 = Release|Any CPU
	EndGlobalSection
	GlobalSection(SolutionProperties) = preSolution
		HideSolutionNode = FALSE
	EndGlobalSection
	GlobalSection(ExtensibilityGlobals) = postSolution
		SolutionGuid = {A9CF5068-DB01-4EAE-BE1E-2E7105B4C356}
	EndGlobalSection
EndGlobal
